
Microsoft Visual Studio Solution File, Format Version 12.00
# Visual Studio Version 17
VisualStudioVersion = 17.14.36414.22 d17.14
MinimumVisualStudioVersion = 10.0.40219.1
Project("{FAE04EC0-301F-11D3-BF4B-00C04F79EFBC}") = "Hello__World", "Hello__World\Hello__World.csproj", "{C44AA944-18DE-4F4E-8B9C-AD796560A7DC}"
EndProject
Global
	GlobalSection(SolutionConfigurationPlatforms) = preSolution
		Debug|Any CPU = Debug|Any CPU
		Release|Any CPU = Release|Any CPU
	EndGlobalSection
	GlobalSection(ProjectConfigurationPlatforms) = postSolution
		{C44AA944-18DE-4F4E-8B9C-AD796560A7DC}.Debug|Any CPU.ActiveCfg = Debug|Any CPU
		{C44AA944-18DE-4F4E-8B9C-AD796560A7DC}.Debug|Any CPU.Build.0 = Debug|Any CPU
		{C44AA944-18DE-4F4E-8B9C-AD796560A7DC}.Release|Any CPU.ActiveCfg = Release|Any CPU
		{C44AA944-18DE-4F4E-8B9C-AD796560A7DC}.Release|Any CPU.Build.0 = Release|Any CPU
	EndGlobalSection
	GlobalSection(SolutionProperties) = preSolution
		HideSolutionNode = FALSE
	EndGlobalSection
	GlobalSection(ExtensibilityGlobals) = postSolution
		SolutionGuid = {67E9AE5E-335D-457C-AA95-93D48FC88811}
	EndGlobalSection
EndGlobal
