
Microsoft Visual Studio Solution File, Format Version 12.00
# Visual Studio Version 17
VisualStudioVersion = 17.14.36414.22 d17.14
MinimumVisualStudioVersion = 10.0.40219.1
Project("{FAE04EC0-301F-11D3-BF4B-00C04F79EFBC}") = "Program Kelulusan Siswa - P2", "Program Kelulusan Siswa - P2\Program Kelulusan Siswa - P2.csproj", "{12EF0924-B990-41E7-BE57-8E6F7B4EDC50}"
EndProject
Global
	GlobalSection(SolutionConfigurationPlatforms) = preSolution
		Debug|Any CPU = Debug|Any CPU
		Release|Any CPU = Release|Any CPU
	EndGlobalSection
	GlobalSection(ProjectConfigurationPlatforms) = postSolution
		{12EF0924-B990-41E7-BE57-8E6F7B4EDC50}.Debug|Any CPU.ActiveCfg = Debug|Any CPU
		{12EF0924-B990-41E7-BE57-8E6F7B4EDC50}.Debug|Any CPU.Build.0 = Debug|Any CPU
		{12EF0924-B990-41E7-BE57-8E6F7B4EDC50}.Release|Any CPU.ActiveCfg = Release|Any CPU
		{12EF0924-B990-41E7-BE57-8E6F7B4EDC50}.Release|Any CPU.Build.0 = Release|Any CPU
	EndGlobalSection
	GlobalSection(SolutionProperties) = preSolution
		HideSolutionNode = FALSE
	EndGlobalSection
	GlobalSection(ExtensibilityGlobals) = postSolution
		SolutionGuid = {432EE3E4-5B6A-4307-99B9-DD47FC41E9A9}
	EndGlobalSection
EndGlobal
